// !$*UTF8*$!
{
	archiveVersion = 1;
	classes = {
	};
	objectVersion = 56;
	objects = {

/* Begin PBXBuildFile section */
		AA000001 /* GravityWellApp.swift in Sources */ = {isa = PBXBuildFile; fileRef = AA000010 /* GravityWellApp.swift */; };
		AA000002 /* GameEngine.swift in Sources */ = {isa = PBXBuildFile; fileRef = AA000011 /* GameEngine.swift */; };
		AA000003 /* GameModels.swift in Sources */ = {isa = PBXBuildFile; fileRef = AA000012 /* GameModels.swift */; };
		AA000004 /* GameRenderer.swift in Sources */ = {isa = PBXBuildFile; fileRef = AA000013 /* GameRenderer.swift */; };
		AA000005 /* GameView.swift in Sources */ = {isa = PBXBuildFile; fileRef = AA000014 /* GameView.swift */; };
		AA000006 /* StartScreen.swift in Sources */ = {isa = PBXBuildFile; fileRef = AA000015 /* StartScreen.swift */; };
		AA000007 /* GameOverScreen.swift in Sources */ = {isa = PBXBuildFile; fileRef = AA000016 /* GameOverScreen.swift */; };
		AA000008 /* HUDView.swift in Sources */ = {isa = PBXBuildFile; fileRef = AA000017 /* HUDView.swift */; };
		AA000009 /* SoundEngine.swift in Sources */ = {isa = PBXBuildFile; fileRef = AA000018 /* SoundEngine.swift */; };
		AA00000A /* Assets.xcassets in Resources */ = {isa = PBXBuildFile; fileRef = AA000020 /* Assets.xcassets */; };
		AA00000B /* ContentView.swift in Sources */ = {isa = PBXBuildFile; fileRef = AA000019 /* ContentView.swift */; };
		AA00000C /* TutorialScreen.swift in Sources */ = {isa = PBXBuildFile; fileRef = AA00001A /* TutorialScreen.swift */; };
		AA00000D /* LevelUpScreen.swift in Sources */ = {isa = PBXBuildFile; fileRef = AA00001B /* LevelUpScreen.swift */; };
		AA0000E1 /* Void Vortex.mp3 in Resources */ = {isa = PBXBuildFile; fileRef = AA0000E0 /* Void Vortex.mp3 */; };
		AA0000F1 /* VoidStyle.swift in Sources */ = {isa = PBXBuildFile; fileRef = AA0000F0 /* VoidStyle.swift */; };
		AA0000G1 /* GameSettings.swift in Sources */ = {isa = PBXBuildFile; fileRef = AA0000G0 /* GameSettings.swift */; };
		AA0000H1 /* SettingsScreen.swift in Sources */ = {isa = PBXBuildFile; fileRef = AA0000H0 /* SettingsScreen.swift */; };
/* End PBXBuildFile section */

/* Begin PBXFileReference section */
		AA000010 /* GravityWellApp.swift */ = {isa = PBXFileReference; lastKnownFileType = sourcecode.swift; path = GravityWellApp.swift; sourceTree = "<group>"; };
		AA000011 /* GameEngine.swift */ = {isa = PBXFileReference; lastKnownFileType = sourcecode.swift; path = GameEngine.swift; sourceTree = "<group>"; };
		AA000012 /* GameModels.swift */ = {isa = PBXFileReference; lastKnownFileType = sourcecode.swift; path = GameModels.swift; sourceTree = "<group>"; };
		AA000013 /* GameRenderer.swift */ = {isa = PBXFileReference; lastKnownFileType = sourcecode.swift; path = GameRenderer.swift; sourceTree = "<group>"; };
		AA000014 /* GameView.swift */ = {isa = PBXFileReference; lastKnownFileType = sourcecode.swift; path = GameView.swift; sourceTree = "<group>"; };
		AA000015 /* StartScreen.swift */ = {isa = PBXFileReference; lastKnownFileType = sourcecode.swift; path = StartScreen.swift; sourceTree = "<group>"; };
		AA000016 /* GameOverScreen.swift */ = {isa = PBXFileReference; lastKnownFileType = sourcecode.swift; path = GameOverScreen.swift; sourceTree = "<group>"; };
		AA000017 /* HUDView.swift */ = {isa = PBXFileReference; lastKnownFileType = sourcecode.swift; path = HUDView.swift; sourceTree = "<group>"; };
		AA000018 /* SoundEngine.swift */ = {isa = PBXFileReference; lastKnownFileType = sourcecode.swift; path = SoundEngine.swift; sourceTree = "<group>"; };
		AA000019 /* ContentView.swift */ = {isa = PBXFileReference; lastKnownFileType = sourcecode.swift; path = ContentView.swift; sourceTree = "<group>"; };
		AA00001A /* TutorialScreen.swift */ = {isa = PBXFileReference; lastKnownFileType = sourcecode.swift; path = TutorialScreen.swift; sourceTree = "<group>"; };
		AA00001B /* LevelUpScreen.swift */ = {isa = PBXFileReference; lastKnownFileType = sourcecode.swift; path = LevelUpScreen.swift; sourceTree = "<group>"; };
		AA000020 /* Assets.xcassets */ = {isa = PBXFileReference; lastKnownFileType = folder.assetcatalog; path = Assets.xcassets; sourceTree = "<group>"; };
		AA000030 /* GravityWell.app */ = {isa = PBXFileReference; explicitFileType = wrapper.application; includeInIndex = 0; path = GravityWell.app; sourceTree = BUILT_PRODUCTS_DIR; };
		AA0000E0 /* Void Vortex.mp3 */ = {isa = PBXFileReference; lastKnownFileType = audio.mp3; path = "Void Vortex.mp3"; sourceTree = "<group>"; };
		AA0000F0 /* VoidStyle.swift */ = {isa = PBXFileReference; lastKnownFileType = sourcecode.swift; path = VoidStyle.swift; sourceTree = "<group>"; };
		AA0000G0 /* GameSettings.swift */ = {isa = PBXFileReference; lastKnownFileType = sourcecode.swift; path = GameSettings.swift; sourceTree = "<group>"; };
		AA0000H0 /* SettingsScreen.swift */ = {isa = PBXFileReference; lastKnownFileType = sourcecode.swift; path = SettingsScreen.swift; sourceTree = "<group>"; };
/* End PBXFileReference section */

/* Begin PBXFrameworksBuildPhase section */
		AA000040 /* Frameworks */ = {
			isa = PBXFrameworksBuildPhase;
			buildActionMask = 2147483647;
			files = (
			);
			runOnlyForDeploymentPostprocessing = 0;
		};
/* End PBXFrameworksBuildPhase section */

/* Begin PBXGroup section */
		AA000050 = {
			isa = PBXGroup;
			children = (
				AA000051 /* GravityWell */,
				AA000052 /* Products */,
			);
			sourceTree = "<group>";
		};
		AA000051 /* GravityWell */ = {
			isa = PBXGroup;
			children = (
				AA000010 /* GravityWellApp.swift */,
				AA000019 /* ContentView.swift */,
				AA000053 /* Game */,
				AA000054 /* Views */,
				AA000055 /* Audio */,
				AA0000E0 /* Void Vortex.mp3 */,
				AA000020 /* Assets.xcassets */,
			);
			path = GravityWell;
			sourceTree = "<group>";
		};
		AA000052 /* Products */ = {
			isa = PBXGroup;
			children = (
				AA000030 /* GravityWell.app */,
			);
			name = Products;
			sourceTree = "<group>";
		};
		AA000053 /* Game */ = {
			isa = PBXGroup;
			children = (
				AA000011 /* GameEngine.swift */,
				AA000012 /* GameModels.swift */,
				AA000013 /* GameRenderer.swift */,
				AA0000G0 /* GameSettings.swift */,
			);
			path = Game;
			sourceTree = "<group>";
		};
		AA000054 /* Views */ = {
			isa = PBXGroup;
			children = (
				AA000014 /* GameView.swift */,
				AA000015 /* StartScreen.swift */,
				AA000016 /* GameOverScreen.swift */,
				AA000017 /* HUDView.swift */,
				AA00001A /* TutorialScreen.swift */,
				AA00001B /* LevelUpScreen.swift */,
				AA0000F0 /* VoidStyle.swift */,
				AA0000H0 /* SettingsScreen.swift */,
			);
			path = Views;
			sourceTree = "<group>";
		};
		AA000055 /* Audio */ = {
			isa = PBXGroup;
			children = (
				AA000018 /* SoundEngine.swift */,
			);
			path = Audio;
			sourceTree = "<group>";
		};
/* End PBXGroup section */

/* Begin PBXNativeTarget section */
		AA000060 /* GravityWell */ = {
			isa = PBXNativeTarget;
			buildConfigurationList = AA000070 /* Build configuration list for PBXNativeTarget "GravityWell" */;
			buildPhases = (
				AA000061 /* Sources */,
				AA000040 /* Frameworks */,
				AA000062 /* Resources */,
			);
			buildRules = (
			);
			dependencies = (
			);
			name = GravityWell;
			productName = GravityWell;
			productReference = AA000030 /* GravityWell.app */;
			productType = "com.apple.product-type.application";
		};
/* End PBXNativeTarget section */

/* Begin PBXProject section */
		AA000080 /* Project object */ = {
			isa = PBXProject;
			attributes = {
				BuildIndependentTargetsInParallel = 1;
				LastSwiftUpdateCheck = 1500;
				LastUpgradeCheck = 1500;
				TargetAttributes = {
					AA000060 = {
						CreatedOnToolsVersion = 15.0;
					};
				};
			};
			buildConfigurationList = AA000090 /* Build configuration list for PBXProject "GravityWell" */;
			compatibilityVersion = "Xcode 14.0";
			developmentRegion = en;
			hasScannedForEncodings = 0;
			knownRegions = (
				en,
				Base,
			);
			mainGroup = AA000050;
			productRefGroup = AA000052 /* Products */;
			projectDirPath = "";
			projectRoot = "";
			targets = (
				AA000060 /* GravityWell */,
			);
		};
/* End PBXProject section */

/* Begin PBXResourcesBuildPhase section */
		AA000062 /* Resources */ = {
			isa = PBXResourcesBuildPhase;
			buildActionMask = 2147483647;
			files = (
				AA00000A /* Assets.xcassets in Resources */,
				AA0000E1 /* Void Vortex.mp3 in Resources */,
			);
			runOnlyForDeploymentPostprocessing = 0;
		};
/* End PBXResourcesBuildPhase section */

/* Begin PBXSourcesBuildPhase section */
		AA000061 /* Sources */ = {
			isa = PBXSourcesBuildPhase;
			buildActionMask = 2147483647;
			files = (
				AA000001 /* GravityWellApp.swift in Sources */,
				AA000002 /* GameEngine.swift in Sources */,
				AA000003 /* GameModels.swift in Sources */,
				AA000004 /* GameRenderer.swift in Sources */,
				AA000005 /* GameView.swift in Sources */,
				AA000006 /* StartScreen.swift in Sources */,
				AA000007 /* GameOverScreen.swift in Sources */,
				AA000008 /* HUDView.swift in Sources */,
				AA000009 /* SoundEngine.swift in Sources */,
				AA00000B /* ContentView.swift in Sources */,
				AA00000C /* TutorialScreen.swift in Sources */,
				AA00000D /* LevelUpScreen.swift in Sources */,
				AA0000F1 /* VoidStyle.swift in Sources */,
				AA0000G1 /* GameSettings.swift in Sources */,
				AA0000H1 /* SettingsScreen.swift in Sources */,
			);
			runOnlyForDeploymentPostprocessing = 0;
		};
/* End PBXSourcesBuildPhase section */

/* Begin XCBuildConfiguration section */
		AA000071 /* Debug */ = {
			isa = XCBuildConfiguration;
			buildSettings = {
				ASSETCATALOG_COMPILER_APPICON_NAME = AppIcon;
				ASSETCATALOG_COMPILER_GLOBAL_ACCENT_COLOR_NAME = AccentColor;
				CODE_SIGN_STYLE = Automatic;
				CURRENT_PROJECT_VERSION = 1;
				DEVELOPMENT_TEAM = 22L5ALG735;
				ENABLE_PREVIEWS = YES;
				GENERATE_INFOPLIST_FILE = YES;
				INFOPLIST_KEY_CFBundleDisplayName = "Void Vortex";
				INFOPLIST_KEY_LSApplicationCategoryType = "public.app-category.games";
				INFOPLIST_KEY_UIApplicationSceneManifest_Generation = YES;
				INFOPLIST_KEY_UIApplicationSupportsIndirectInputEvents = YES;
				INFOPLIST_KEY_UILaunchScreen_Generation = YES;
				INFOPLIST_KEY_UIRequiresFullScreen = YES;
				INFOPLIST_KEY_UIStatusBarHidden = YES;
				INFOPLIST_KEY_UISupportedInterfaceOrientations = UIInterfaceOrientationPortrait;
				LD_RUNPATH_SEARCH_PATHS = (
					"$(inherited)",
					"@executable_path/Frameworks",
				);
				MARKETING_VERSION = 1.0;
				PRODUCT_BUNDLE_IDENTIFIER = com.jaapdewit.gravitywell;
				PRODUCT_NAME = "$(TARGET_NAME)";
				SUPPORTED_PLATFORMS = "iphoneos iphonesimulator";
				SUPPORTS_MACCATALYST = NO;
				SWIFT_EMIT_LOC_STRINGS = YES;
				SWIFT_VERSION = 5.0;
				TARGETED_DEVICE_FAMILY = 1;
			};
			name = Debug;
		};
		AA000072 /* Release */ = {
			isa = XCBuildConfiguration;
			buildSettings = {
				ASSETCATALOG_COMPILER_APPICON_NAME = AppIcon;
				ASSETCATALOG_COMPILER_GLOBAL_ACCENT_COLOR_NAME = AccentColor;
				CODE_SIGN_STYLE = Automatic;
				CURRENT_PROJECT_VERSION = 1;
				DEVELOPMENT_TEAM = 22L5ALG735;
				ENABLE_PREVIEWS = YES;
				GENERATE_INFOPLIST_FILE = YES;
				INFOPLIST_KEY_CFBundleDisplayName = "Void Vortex";
				INFOPLIST_KEY_LSApplicationCategoryType = "public.app-category.games";
				INFOPLIST_KEY_UIApplicationSceneManifest_Generation = YES;
				INFOPLIST_KEY_UIApplicationSupportsIndirectInputEvents = YES;
				INFOPLIST_KEY_UILaunchScreen_Generation = YES;
				INFOPLIST_KEY_UIRequiresFullScreen = YES;
				INFOPLIST_KEY_UIStatusBarHidden = YES;
				INFOPLIST_KEY_UISupportedInterfaceOrientations = UIInterfaceOrientationPortrait;
				LD_RUNPATH_SEARCH_PATHS = (
					"$(inherited)",
					"@executable_path/Frameworks",
				);
				MARKETING_VERSION = 1.0;
				PRODUCT_BUNDLE_IDENTIFIER = com.jaapdewit.gravitywell;
				PRODUCT_NAME = "$(TARGET_NAME)";
				SUPPORTED_PLATFORMS = "iphoneos iphonesimulator";
				SUPPORTS_MACCATALYST = NO;
				SWIFT_EMIT_LOC_STRINGS = YES;
				SWIFT_VERSION = 5.0;
				TARGETED_DEVICE_FAMILY = 1;
			};
			name = Release;
		};
		AA000091 /* Debug */ = {
			isa = XCBuildConfiguration;
			buildSettings = {
				ALWAYS_SEARCH_USER_PATHS = NO;
				ASSETCATALOG_COMPILER_GENERATE_SWIFT_ASSET_SYMBOL_EXTENSIONS = YES;
				CLANG_ANALYZER_NONNULL = YES;
				CLANG_CXX_LANGUAGE_STANDARD = "gnu++20";
				CLANG_ENABLE_MODULES = YES;
				CLANG_ENABLE_OBJC_ARC = YES;
				COPY_PHASE_STRIP = NO;
				DEBUG_INFORMATION_FORMAT = dwarf;
				ENABLE_STRICT_OBJC_MSGSEND = YES;
				ENABLE_TESTABILITY = YES;
				GCC_DYNAMIC_NO_PIC = NO;
				GCC_OPTIMIZATION_LEVEL = 0;
				GCC_PREPROCESSOR_DEFINITIONS = (
					"DEBUG=1",
					"$(inherited)",
				);
				GCC_WARN_64_TO_32_BIT_CONVERSION = YES;
				GCC_WARN_ABOUT_RETURN_TYPE = YES_ERROR;
				GCC_WARN_UNDECLARED_SELECTOR = YES;
				GCC_WARN_UNINITIALIZED_AUTOS = YES_AGGRESSIVE;
				GCC_WARN_UNUSED_FUNCTION = YES;
				GCC_WARN_UNUSED_VARIABLE = YES;
				IPHONEOS_DEPLOYMENT_TARGET = 17.0;
				MTL_ENABLE_DEBUG_INFO = INCLUDE_SOURCE;
				MTL_FAST_MATH = YES;
				ONLY_ACTIVE_ARCH = YES;
				SDKROOT = iphoneos;
				SWIFT_ACTIVE_COMPILATION_CONDITIONS = "DEBUG $(inherited)";
				SWIFT_OPTIMIZATION_LEVEL = "-Onone";
			};
			name = Debug;
		};
		AA000092 /* Release */ = {
			isa = XCBuildConfiguration;
			buildSettings = {
				ALWAYS_SEARCH_USER_PATHS = NO;
				ASSETCATALOG_COMPILER_GENERATE_SWIFT_ASSET_SYMBOL_EXTENSIONS = YES;
				CLANG_ANALYZER_NONNULL = YES;
				CLANG_CXX_LANGUAGE_STANDARD = "gnu++20";
				CLANG_ENABLE_MODULES = YES;
				CLANG_ENABLE_OBJC_ARC = YES;
				COPY_PHASE_STRIP = NO;
				DEBUG_INFORMATION_FORMAT = "dwarf-with-dsym";
				ENABLE_NS_ASSERTIONS = NO;
				ENABLE_STRICT_OBJC_MSGSEND = YES;
				GCC_WARN_64_TO_32_BIT_CONVERSION = YES;
				GCC_WARN_ABOUT_RETURN_TYPE = YES_ERROR;
				GCC_WARN_UNDECLARED_SELECTOR = YES;
				GCC_WARN_UNINITIALIZED_AUTOS = YES_AGGRESSIVE;
				GCC_WARN_UNUSED_FUNCTION = YES;
				GCC_WARN_UNUSED_VARIABLE = YES;
				IPHONEOS_DEPLOYMENT_TARGET = 17.0;
				MTL_ENABLE_DEBUG_INFO = NO;
				MTL_FAST_MATH = YES;
				SDKROOT = iphoneos;
				SWIFT_COMPILATION_MODE = wholemodule;
				VALIDATE_PRODUCT = YES;
			};
			name = Release;
		};
/* End XCBuildConfiguration section */

/* Begin XCConfigurationList section */
		AA000070 /* Build configuration list for PBXNativeTarget "GravityWell" */ = {
			isa = XCConfigurationList;
			buildConfigurations = (
				AA000071 /* Debug */,
				AA000072 /* Release */,
			);
			defaultConfigurationIsVisible = 0;
			defaultConfigurationName = Release;
		};
		AA000090 /* Build configuration list for PBXProject "GravityWell" */ = {
			isa = XCConfigurationList;
			buildConfigurations = (
				AA000091 /* Debug */,
				AA000092 /* Release */,
			);
			defaultConfigurationIsVisible = 0;
			defaultConfigurationName = Release;
		};
/* End XCConfigurationList section */
	};
	rootObject = AA000080 /* Project object */;
}
